
Microsoft Visual Studio Solution File, Format Version 12.00
# Visual Studio 2012
Project("{8BC9CEB8-8B4A-11D0-8D11-00A0C91BC942}") = "Reader_Writer_Problem", "Reader_Writer_Problem\Reader_Writer_Problem.vcxproj", "{998DD0DA-32F6-4E43-A0E6-775C160669CE}"
EndProject
Global
	GlobalSection(SolutionConfigurationPlatforms) = preSolution
		Debug|Win32 = Debug|Win32
		Debug|x64 = Debug|x64
		Release|Win32 = Release|Win32
		Release|x64 = Release|x64
	EndGlobalSection
	GlobalSection(ProjectConfigurationPlatforms) = postSolution
		{998DD0DA-32F6-4E43-A0E6-775C160669CE}.Debug|Win32.ActiveCfg = Debug|Win32
		{998DD0DA-32F6-4E43-A0E6-775C160669CE}.Debug|Win32.Build.0 = Debug|Win32
		{998DD0DA-32F6-4E43-A0E6-775C160669CE}.Debug|x64.ActiveCfg = Debug|x64
		{998DD0DA-32F6-4E43-A0E6-775C160669CE}.Debug|x64.Build.0 = Debug|x64
		{998DD0DA-32F6-4E43-A0E6-775C160669CE}.Release|Win32.ActiveCfg = Release|Win32
		{998DD0DA-32F6-4E43-A0E6-775C160669CE}.Release|Win32.Build.0 = Release|Win32
		{998DD0DA-32F6-4E43-A0E6-775C160669CE}.Release|x64.ActiveCfg = Release|x64
		{998DD0DA-32F6-4E43-A0E6-775C160669CE}.Release|x64.Build.0 = Release|x64
	EndGlobalSection
	GlobalSection(SolutionProperties) = preSolution
		HideSolutionNode = FALSE
	EndGlobalSection
EndGlobal
