
Microsoft Visual Studio Solution File, Format Version 12.00
# Visual Studio 2012
Project("{8BC9CEB8-8B4A-11D0-8D11-00A0C91BC942}") = "SingleBuffer", "SingleBuffer\SingleBuffer.vcxproj", "{C2B31A70-5E79-4161-A1FB-56F8193F9EE4}"
EndProject
Global
	GlobalSection(SolutionConfigurationPlatforms) = preSolution
		Debug|Win32 = Debug|Win32
		Release|Win32 = Release|Win32
	EndGlobalSection
	GlobalSection(ProjectConfigurationPlatforms) = postSolution
		{C2B31A70-5E79-4161-A1FB-56F8193F9EE4}.Debug|Win32.ActiveCfg = Debug|Win32
		{C2B31A70-5E79-4161-A1FB-56F8193F9EE4}.Debug|Win32.Build.0 = Debug|Win32
		{C2B31A70-5E79-4161-A1FB-56F8193F9EE4}.Release|Win32.ActiveCfg = Release|Win32
		{C2B31A70-5E79-4161-A1FB-56F8193F9EE4}.Release|Win32.Build.0 = Release|Win32
	EndGlobalSection
	GlobalSection(SolutionProperties) = preSolution
		HideSolutionNode = FALSE
	EndGlobalSection
EndGlobal
